// !$*UTF8*$!
{
	archiveVersion = 1;
	classes = {
	};
	objectVersion = 56;
	objects = {

/* Begin PBXBuildFile section */
		605C256A2C88DF8000D9CED3 /* TimeMessage.swift in Sources */ = {isa = PBXBuildFile; fileRef = 605C25692C88DF8000D9CED3 /* TimeMessage.swift */; };
		609627512C8369E600BEA22E /* seyyahApp.swift in Sources */ = {isa = PBXBuildFile; fileRef = 609627502C8369E600BEA22E /* seyyahApp.swift */; };
		609627532C8369E600BEA22E /* ContentView.swift in Sources */ = {isa = PBXBuildFile; fileRef = 609627522C8369E600BEA22E /* ContentView.swift */; };
		609627552C8369E800BEA22E /* Assets.xcassets in Resources */ = {isa = PBXBuildFile; fileRef = 609627542C8369E800BEA22E /* Assets.xcassets */; };
		609627582C8369E800BEA22E /* Preview Assets.xcassets in Resources */ = {isa = PBXBuildFile; fileRef = 609627572C8369E800BEA22E /* Preview Assets.xcassets */; };
		609627622C836C4A00BEA22E /* OnboardingView.swift in Sources */ = {isa = PBXBuildFile; fileRef = 609627612C836C4A00BEA22E /* OnboardingView.swift */; };
		609627662C83B62000BEA22E /* HomeView.swift in Sources */ = {isa = PBXBuildFile; fileRef = 609627652C83B62000BEA22E /* HomeView.swift */; };
		609627692C83C04600BEA22E /* Lottie in Frameworks */ = {isa = PBXBuildFile; productRef = 609627682C83C04600BEA22E /* Lottie */; };
		6096276B2C83C0CF00BEA22E /* animation2.json in Resources */ = {isa = PBXBuildFile; fileRef = 6096276A2C83C0CF00BEA22E /* animation2.json */; };
		6096276D2C83C0D800BEA22E /* animation1.json in Resources */ = {isa = PBXBuildFile; fileRef = 6096276C2C83C0D800BEA22E /* animation1.json */; };
/* End PBXBuildFile section */

/* Begin PBXFileReference section */
		605C25692C88DF8000D9CED3 /* TimeMessage.swift */ = {isa = PBXFileReference; lastKnownFileType = sourcecode.swift; path = TimeMessage.swift; sourceTree = "<group>"; };
		6096274D2C8369E600BEA22E /* seyyah.app */ = {isa = PBXFileReference; explicitFileType = wrapper.application; includeInIndex = 0; path = seyyah.app; sourceTree = BUILT_PRODUCTS_DIR; };
		609627502C8369E600BEA22E /* seyyahApp.swift */ = {isa = PBXFileReference; lastKnownFileType = sourcecode.swift; path = seyyahApp.swift; sourceTree = "<group>"; };
		609627522C8369E600BEA22E /* ContentView.swift */ = {isa = PBXFileReference; lastKnownFileType = sourcecode.swift; path = ContentView.swift; sourceTree = "<group>"; };
		609627542C8369E800BEA22E /* Assets.xcassets */ = {isa = PBXFileReference; lastKnownFileType = folder.assetcatalog; path = Assets.xcassets; sourceTree = "<group>"; };
		609627572C8369E800BEA22E /* Preview Assets.xcassets */ = {isa = PBXFileReference; lastKnownFileType = folder.assetcatalog; path = "Preview Assets.xcassets"; sourceTree = "<group>"; };
		609627612C836C4A00BEA22E /* OnboardingView.swift */ = {isa = PBXFileReference; lastKnownFileType = sourcecode.swift; path = OnboardingView.swift; sourceTree = "<group>"; };
		609627632C83B2C900BEA22E /* seyyah.entitlements */ = {isa = PBXFileReference; lastKnownFileType = text.plist.entitlements; path = seyyah.entitlements; sourceTree = "<group>"; };
		609627642C83B2D100BEA22E /* Info.plist */ = {isa = PBXFileReference; lastKnownFileType = text.plist; path = Info.plist; sourceTree = "<group>"; };
		609627652C83B62000BEA22E /* HomeView.swift */ = {isa = PBXFileReference; lastKnownFileType = sourcecode.swift; path = HomeView.swift; sourceTree = "<group>"; };
		6096276A2C83C0CF00BEA22E /* animation2.json */ = {isa = PBXFileReference; fileEncoding = 4; lastKnownFileType = text.json; path = animation2.json; sourceTree = "<group>"; };
		6096276C2C83C0D800BEA22E /* animation1.json */ = {isa = PBXFileReference; fileEncoding = 4; lastKnownFileType = text.json; path = animation1.json; sourceTree = "<group>"; };
/* End PBXFileReference section */

/* Begin PBXFrameworksBuildPhase section */
		6096274A2C8369E600BEA22E /* Frameworks */ = {
			isa = PBXFrameworksBuildPhase;
			buildActionMask = 2147483647;
			files = (
				609627692C83C04600BEA22E /* Lottie in Frameworks */,
			);
			runOnlyForDeploymentPostprocessing = 0;
		};
/* End PBXFrameworksBuildPhase section */

/* Begin PBXGroup section */
		609627442C8369E600BEA22E = {
			isa = PBXGroup;
			children = (
				6096274F2C8369E600BEA22E /* seyyah */,
				6096274E2C8369E600BEA22E /* Products */,
			);
			sourceTree = "<group>";
		};
		6096274E2C8369E600BEA22E /* Products */ = {
			isa = PBXGroup;
			children = (
				6096274D2C8369E600BEA22E /* seyyah.app */,
			);
			name = Products;
			sourceTree = "<group>";
		};
		6096274F2C8369E600BEA22E /* seyyah */ = {
			isa = PBXGroup;
			children = (
				609627642C83B2D100BEA22E /* Info.plist */,
				609627632C83B2C900BEA22E /* seyyah.entitlements */,
				609627602C836C2800BEA22E /* Data */,
				6096275F2C836C2000BEA22E /* Model */,
				6096275E2C836C1C00BEA22E /* View */,
				609627502C8369E600BEA22E /* seyyahApp.swift */,
				609627522C8369E600BEA22E /* ContentView.swift */,
				609627542C8369E800BEA22E /* Assets.xcassets */,
				609627562C8369E800BEA22E /* Preview Content */,
			);
			path = seyyah;
			sourceTree = "<group>";
		};
		609627562C8369E800BEA22E /* Preview Content */ = {
			isa = PBXGroup;
			children = (
				609627572C8369E800BEA22E /* Preview Assets.xcassets */,
			);
			path = "Preview Content";
			sourceTree = "<group>";
		};
		6096275E2C836C1C00BEA22E /* View */ = {
			isa = PBXGroup;
			children = (
				609627612C836C4A00BEA22E /* OnboardingView.swift */,
				609627652C83B62000BEA22E /* HomeView.swift */,
			);
			path = View;
			sourceTree = "<group>";
		};
		6096275F2C836C2000BEA22E /* Model */ = {
			isa = PBXGroup;
			children = (
				605C25692C88DF8000D9CED3 /* TimeMessage.swift */,
			);
			path = Model;
			sourceTree = "<group>";
		};
		609627602C836C2800BEA22E /* Data */ = {
			isa = PBXGroup;
			children = (
				6096276C2C83C0D800BEA22E /* animation1.json */,
				6096276A2C83C0CF00BEA22E /* animation2.json */,
			);
			path = Data;
			sourceTree = "<group>";
		};
/* End PBXGroup section */

/* Begin PBXNativeTarget section */
		6096274C2C8369E600BEA22E /* seyyah */ = {
			isa = PBXNativeTarget;
			buildConfigurationList = 6096275B2C8369E800BEA22E /* Build configuration list for PBXNativeTarget "seyyah" */;
			buildPhases = (
				609627492C8369E600BEA22E /* Sources */,
				6096274A2C8369E600BEA22E /* Frameworks */,
				6096274B2C8369E600BEA22E /* Resources */,
			);
			buildRules = (
			);
			dependencies = (
			);
			name = seyyah;
			packageProductDependencies = (
				609627682C83C04600BEA22E /* Lottie */,
			);
			productName = seyyah;
			productReference = 6096274D2C8369E600BEA22E /* seyyah.app */;
			productType = "com.apple.product-type.application";
		};
/* End PBXNativeTarget section */

/* Begin PBXProject section */
		609627452C8369E600BEA22E /* Project object */ = {
			isa = PBXProject;
			attributes = {
				BuildIndependentTargetsInParallel = 1;
				LastSwiftUpdateCheck = 1540;
				LastUpgradeCheck = 1540;
				TargetAttributes = {
					6096274C2C8369E600BEA22E = {
						CreatedOnToolsVersion = 15.4;
					};
				};
			};
			buildConfigurationList = 609627482C8369E600BEA22E /* Build configuration list for PBXProject "seyyah" */;
			compatibilityVersion = "Xcode 14.0";
			developmentRegion = en;
			hasScannedForEncodings = 0;
			knownRegions = (
				en,
				Base,
			);
			mainGroup = 609627442C8369E600BEA22E;
			packageReferences = (
				609627672C83C04600BEA22E /* XCRemoteSwiftPackageReference "lottie-spm" */,
			);
			productRefGroup = 6096274E2C8369E600BEA22E /* Products */;
			projectDirPath = "";
			projectRoot = "";
			targets = (
				6096274C2C8369E600BEA22E /* seyyah */,
			);
		};
/* End PBXProject section */

/* Begin PBXResourcesBuildPhase section */
		6096274B2C8369E600BEA22E /* Resources */ = {
			isa = PBXResourcesBuildPhase;
			buildActionMask = 2147483647;
			files = (
				609627582C8369E800BEA22E /* Preview Assets.xcassets in Resources */,
				609627552C8369E800BEA22E /* Assets.xcassets in Resources */,
				6096276D2C83C0D800BEA22E /* animation1.json in Resources */,
				6096276B2C83C0CF00BEA22E /* animation2.json in Resources */,
			);
			runOnlyForDeploymentPostprocessing = 0;
		};
/* End PBXResourcesBuildPhase section */

/* Begin PBXSourcesBuildPhase section */
		609627492C8369E600BEA22E /* Sources */ = {
			isa = PBXSourcesBuildPhase;
			buildActionMask = 2147483647;
			files = (
				609627622C836C4A00BEA22E /* OnboardingView.swift in Sources */,
				605C256A2C88DF8000D9CED3 /* TimeMessage.swift in Sources */,
				609627662C83B62000BEA22E /* HomeView.swift in Sources */,
				609627532C8369E600BEA22E /* ContentView.swift in Sources */,
				609627512C8369E600BEA22E /* seyyahApp.swift in Sources */,
			);
			runOnlyForDeploymentPostprocessing = 0;
		};
/* End PBXSourcesBuildPhase section */

/* Begin XCBuildConfiguration section */
		609627592C8369E800BEA22E /* Debug */ = {
			isa = XCBuildConfiguration;
			buildSettings = {
				ALWAYS_SEARCH_USER_PATHS = NO;
				ASSETCATALOG_COMPILER_GENERATE_SWIFT_ASSET_SYMBOL_EXTENSIONS = YES;
				CLANG_ANALYZER_NONNULL = YES;
				CLANG_ANALYZER_NUMBER_OBJECT_CONVERSION = YES_AGGRESSIVE;
				CLANG_CXX_LANGUAGE_STANDARD = "gnu++20";
				CLANG_ENABLE_MODULES = YES;
				CLANG_ENABLE_OBJC_ARC = YES;
				CLANG_ENABLE_OBJC_WEAK = YES;
				CLANG_WARN_BLOCK_CAPTURE_AUTORELEASING = YES;
				CLANG_WARN_BOOL_CONVERSION = YES;
				CLANG_WARN_COMMA = YES;
				CLANG_WARN_CONSTANT_CONVERSION = YES;
				CLANG_WARN_DEPRECATED_OBJC_IMPLEMENTATIONS = YES;
				CLANG_WARN_DIRECT_OBJC_ISA_USAGE = YES_ERROR;
				CLANG_WARN_DOCUMENTATION_COMMENTS = YES;
				CLANG_WARN_EMPTY_BODY = YES;
				CLANG_WARN_ENUM_CONVERSION = YES;
				CLANG_WARN_INFINITE_RECURSION = YES;
				CLANG_WARN_INT_CONVERSION = YES;
				CLANG_WARN_NON_LITERAL_NULL_CONVERSION = YES;
				CLANG_WARN_OBJC_IMPLICIT_RETAIN_SELF = YES;
				CLANG_WARN_OBJC_LITERAL_CONVERSION = YES;
				CLANG_WARN_OBJC_ROOT_CLASS = YES_ERROR;
				CLANG_WARN_QUOTED_INCLUDE_IN_FRAMEWORK_HEADER = YES;
				CLANG_WARN_RANGE_LOOP_ANALYSIS = YES;
				CLANG_WARN_STRICT_PROTOTYPES = YES;
				CLANG_WARN_SUSPICIOUS_MOVE = YES;
				CLANG_WARN_UNGUARDED_AVAILABILITY = YES_AGGRESSIVE;
				CLANG_WARN_UNREACHABLE_CODE = YES;
				CLANG_WARN__DUPLICATE_METHOD_MATCH = YES;
				COPY_PHASE_STRIP = NO;
				DEBUG_INFORMATION_FORMAT = dwarf;
				ENABLE_STRICT_OBJC_MSGSEND = YES;
				ENABLE_TESTABILITY = YES;
				ENABLE_USER_SCRIPT_SANDBOXING = YES;
				GCC_C_LANGUAGE_STANDARD = gnu17;
				GCC_DYNAMIC_NO_PIC = NO;
				GCC_NO_COMMON_BLOCKS = YES;
				GCC_OPTIMIZATION_LEVEL = 0;
				GCC_PREPROCESSOR_DEFINITIONS = (
					"DEBUG=1",
					"$(inherited)",
				);
				GCC_WARN_64_TO_32_BIT_CONVERSION = YES;
				GCC_WARN_ABOUT_RETURN_TYPE = YES_ERROR;
				GCC_WARN_UNDECLARED_SELECTOR = YES;
				GCC_WARN_UNINITIALIZED_AUTOS = YES_AGGRESSIVE;
				GCC_WARN_UNUSED_FUNCTION = YES;
				GCC_WARN_UNUSED_VARIABLE = YES;
				IPHONEOS_DEPLOYMENT_TARGET = 17.5;
				LOCALIZATION_PREFERS_STRING_CATALOGS = YES;
				MTL_ENABLE_DEBUG_INFO = INCLUDE_SOURCE;
				MTL_FAST_MATH = YES;
				ONLY_ACTIVE_ARCH = YES;
				SDKROOT = iphoneos;
				SWIFT_ACTIVE_COMPILATION_CONDITIONS = "DEBUG $(inherited)";
				SWIFT_OPTIMIZATION_LEVEL = "-Onone";
			};
			name = Debug;
		};
		6096275A2C8369E800BEA22E /* Release */ = {
			isa = XCBuildConfiguration;
			buildSettings = {
				ALWAYS_SEARCH_USER_PATHS = NO;
				ASSETCATALOG_COMPILER_GENERATE_SWIFT_ASSET_SYMBOL_EXTENSIONS = YES;
				CLANG_ANALYZER_NONNULL = YES;
				CLANG_ANALYZER_NUMBER_OBJECT_CONVERSION = YES_AGGRESSIVE;
				CLANG_CXX_LANGUAGE_STANDARD = "gnu++20";
				CLANG_ENABLE_MODULES = YES;
				CLANG_ENABLE_OBJC_ARC = YES;
				CLANG_ENABLE_OBJC_WEAK = YES;
				CLANG_WARN_BLOCK_CAPTURE_AUTORELEASING = YES;
				CLANG_WARN_BOOL_CONVERSION = YES;
				CLANG_WARN_COMMA = YES;
				CLANG_WARN_CONSTANT_CONVERSION = YES;
				CLANG_WARN_DEPRECATED_OBJC_IMPLEMENTATIONS = YES;
				CLANG_WARN_DIRECT_OBJC_ISA_USAGE = YES_ERROR;
				CLANG_WARN_DOCUMENTATION_COMMENTS = YES;
				CLANG_WARN_EMPTY_BODY = YES;
				CLANG_WARN_ENUM_CONVERSION = YES;
				CLANG_WARN_INFINITE_RECURSION = YES;
				CLANG_WARN_INT_CONVERSION = YES;
				CLANG_WARN_NON_LITERAL_NULL_CONVERSION = YES;
				CLANG_WARN_OBJC_IMPLICIT_RETAIN_SELF = YES;
				CLANG_WARN_OBJC_LITERAL_CONVERSION = YES;
				CLANG_WARN_OBJC_ROOT_CLASS = YES_ERROR;
				CLANG_WARN_QUOTED_INCLUDE_IN_FRAMEWORK_HEADER = YES;
				CLANG_WARN_RANGE_LOOP_ANALYSIS = YES;
				CLANG_WARN_STRICT_PROTOTYPES = YES;
				CLANG_WARN_SUSPICIOUS_MOVE = YES;
				CLANG_WARN_UNGUARDED_AVAILABILITY = YES_AGGRESSIVE;
				CLANG_WARN_UNREACHABLE_CODE = YES;
				CLANG_WARN__DUPLICATE_METHOD_MATCH = YES;
				COPY_PHASE_STRIP = NO;
				DEBUG_INFORMATION_FORMAT = "dwarf-with-dsym";
				ENABLE_NS_ASSERTIONS = NO;
				ENABLE_STRICT_OBJC_MSGSEND = YES;
				ENABLE_USER_SCRIPT_SANDBOXING = YES;
				GCC_C_LANGUAGE_STANDARD = gnu17;
				GCC_NO_COMMON_BLOCKS = YES;
				GCC_WARN_64_TO_32_BIT_CONVERSION = YES;
				GCC_WARN_ABOUT_RETURN_TYPE = YES_ERROR;
				GCC_WARN_UNDECLARED_SELECTOR = YES;
				GCC_WARN_UNINITIALIZED_AUTOS = YES_AGGRESSIVE;
				GCC_WARN_UNUSED_FUNCTION = YES;
				GCC_WARN_UNUSED_VARIABLE = YES;
				IPHONEOS_DEPLOYMENT_TARGET = 17.5;
				LOCALIZATION_PREFERS_STRING_CATALOGS = YES;
				MTL_ENABLE_DEBUG_INFO = NO;
				MTL_FAST_MATH = YES;
				SDKROOT = iphoneos;
				SWIFT_COMPILATION_MODE = wholemodule;
				VALIDATE_PRODUCT = YES;
			};
			name = Release;
		};
		6096275C2C8369E800BEA22E /* Debug */ = {
			isa = XCBuildConfiguration;
			buildSettings = {
				ASSETCATALOG_COMPILER_APPICON_NAME = AppIcon;
				ASSETCATALOG_COMPILER_GLOBAL_ACCENT_COLOR_NAME = AccentColor;
				CODE_SIGN_ENTITLEMENTS = seyyah/seyyah.entitlements;
				CODE_SIGN_STYLE = Automatic;
				CURRENT_PROJECT_VERSION = 1;
				DEVELOPMENT_ASSET_PATHS = "\"seyyah/Preview Content\"";
				DEVELOPMENT_TEAM = LKU9ZN4MN9;
				ENABLE_PREVIEWS = YES;
				GENERATE_INFOPLIST_FILE = YES;
				INFOPLIST_FILE = seyyah/Info.plist;
				INFOPLIST_KEY_CFBundleDisplayName = seyyah;
				INFOPLIST_KEY_LSApplicationCategoryType = "public.app-category.travel";
				INFOPLIST_KEY_NSFaceIDUsageDescription = "Apple ile Giriş yapmak için yüz tanıma kullanımı.";
				INFOPLIST_KEY_NSLocationAlwaysAndWhenInUseUsageDescription = "Kullanıcı konumunu ekranda gösterebilmek için.";
				INFOPLIST_KEY_NSLocationWhenInUseUsageDescription = "Kullanıcı konumunu ekranda gösterebilmek için";
				INFOPLIST_KEY_UIApplicationSceneManifest_Generation = YES;
				INFOPLIST_KEY_UIApplicationSupportsIndirectInputEvents = YES;
				INFOPLIST_KEY_UILaunchScreen_Generation = YES;
				INFOPLIST_KEY_UIStatusBarStyle = "";
				INFOPLIST_KEY_UISupportedInterfaceOrientations = "UIInterfaceOrientationPortrait UIInterfaceOrientationPortraitUpsideDown";
				INFOPLIST_KEY_UISupportedInterfaceOrientations_iPad = "UIInterfaceOrientationLandscapeLeft UIInterfaceOrientationLandscapeRight UIInterfaceOrientationPortrait UIInterfaceOrientationPortraitUpsideDown";
				IPHONEOS_DEPLOYMENT_TARGET = 17.0;
				LD_RUNPATH_SEARCH_PATHS = (
					"$(inherited)",
					"@executable_path/Frameworks",
				);
				MARKETING_VERSION = 1.0;
				PRODUCT_BUNDLE_IDENTIFIER = semihkesgin.seyyah;
				PRODUCT_NAME = "$(TARGET_NAME)";
				SUPPORTED_PLATFORMS = "iphoneos iphonesimulator";
				SUPPORTS_MACCATALYST = NO;
				SUPPORTS_MAC_DESIGNED_FOR_IPHONE_IPAD = NO;
				SWIFT_EMIT_LOC_STRINGS = YES;
				SWIFT_VERSION = 5.0;
				TARGETED_DEVICE_FAMILY = 1;
			};
			name = Debug;
		};
		6096275D2C8369E800BEA22E /* Release */ = {
			isa = XCBuildConfiguration;
			buildSettings = {
				ASSETCATALOG_COMPILER_APPICON_NAME = AppIcon;
				ASSETCATALOG_COMPILER_GLOBAL_ACCENT_COLOR_NAME = AccentColor;
				CODE_SIGN_ENTITLEMENTS = seyyah/seyyah.entitlements;
				CODE_SIGN_STYLE = Automatic;
				CURRENT_PROJECT_VERSION = 1;
				DEVELOPMENT_ASSET_PATHS = "\"seyyah/Preview Content\"";
				DEVELOPMENT_TEAM = LKU9ZN4MN9;
				ENABLE_PREVIEWS = YES;
				GENERATE_INFOPLIST_FILE = YES;
				INFOPLIST_FILE = seyyah/Info.plist;
				INFOPLIST_KEY_CFBundleDisplayName = seyyah;
				INFOPLIST_KEY_LSApplicationCategoryType = "public.app-category.travel";
				INFOPLIST_KEY_NSFaceIDUsageDescription = "Apple ile Giriş yapmak için yüz tanıma kullanımı.";
				INFOPLIST_KEY_NSLocationAlwaysAndWhenInUseUsageDescription = "Kullanıcı konumunu ekranda gösterebilmek için.";
				INFOPLIST_KEY_NSLocationWhenInUseUsageDescription = "Kullanıcı konumunu ekranda gösterebilmek için";
				INFOPLIST_KEY_UIApplicationSceneManifest_Generation = YES;
				INFOPLIST_KEY_UIApplicationSupportsIndirectInputEvents = YES;
				INFOPLIST_KEY_UILaunchScreen_Generation = YES;
				INFOPLIST_KEY_UIStatusBarStyle = "";
				INFOPLIST_KEY_UISupportedInterfaceOrientations = "UIInterfaceOrientationPortrait UIInterfaceOrientationPortraitUpsideDown";
				INFOPLIST_KEY_UISupportedInterfaceOrientations_iPad = "UIInterfaceOrientationLandscapeLeft UIInterfaceOrientationLandscapeRight UIInterfaceOrientationPortrait UIInterfaceOrientationPortraitUpsideDown";
				IPHONEOS_DEPLOYMENT_TARGET = 17.0;
				LD_RUNPATH_SEARCH_PATHS = (
					"$(inherited)",
					"@executable_path/Frameworks",
				);
				MARKETING_VERSION = 1.0;
				PRODUCT_BUNDLE_IDENTIFIER = semihkesgin.seyyah;
				PRODUCT_NAME = "$(TARGET_NAME)";
				SUPPORTED_PLATFORMS = "iphoneos iphonesimulator";
				SUPPORTS_MACCATALYST = NO;
				SUPPORTS_MAC_DESIGNED_FOR_IPHONE_IPAD = NO;
				SWIFT_EMIT_LOC_STRINGS = YES;
				SWIFT_VERSION = 5.0;
				TARGETED_DEVICE_FAMILY = 1;
			};
			name = Release;
		};
/* End XCBuildConfiguration section */

/* Begin XCConfigurationList section */
		609627482C8369E600BEA22E /* Build configuration list for PBXProject "seyyah" */ = {
			isa = XCConfigurationList;
			buildConfigurations = (
				609627592C8369E800BEA22E /* Debug */,
				6096275A2C8369E800BEA22E /* Release */,
			);
			defaultConfigurationIsVisible = 0;
			defaultConfigurationName = Release;
		};
		6096275B2C8369E800BEA22E /* Build configuration list for PBXNativeTarget "seyyah" */ = {
			isa = XCConfigurationList;
			buildConfigurations = (
				6096275C2C8369E800BEA22E /* Debug */,
				6096275D2C8369E800BEA22E /* Release */,
			);
			defaultConfigurationIsVisible = 0;
			defaultConfigurationName = Release;
		};
/* End XCConfigurationList section */

/* Begin XCRemoteSwiftPackageReference section */
		609627672C83C04600BEA22E /* XCRemoteSwiftPackageReference "lottie-spm" */ = {
			isa = XCRemoteSwiftPackageReference;
			repositoryURL = "https://github.com/airbnb/lottie-spm.git";
			requirement = {
				kind = upToNextMajorVersion;
				minimumVersion = 4.5.0;
			};
		};
/* End XCRemoteSwiftPackageReference section */

/* Begin XCSwiftPackageProductDependency section */
		609627682C83C04600BEA22E /* Lottie */ = {
			isa = XCSwiftPackageProductDependency;
			package = 609627672C83C04600BEA22E /* XCRemoteSwiftPackageReference "lottie-spm" */;
			productName = Lottie;
		};
/* End XCSwiftPackageProductDependency section */
	};
	rootObject = 609627452C8369E600BEA22E /* Project object */;
}
